
Microsoft Visual Studio Solution File, Format Version 12.00
# Visual Studio Version 17
VisualStudioVersion = 17.0.31903.59
MinimumVisualStudioVersion = 10.0.40219.1
Project("{FAE04EC0-301F-11D3-BF4B-00C04F79EFBC}") = "StructType", "StructType\StructType.csproj", "{DEC4363E-694F-49BE-AE43-14C14B130E2B}"
EndProject
Global
	GlobalSection(SolutionConfigurationPlatforms) = preSolution
		Debug|Any CPU = Debug|Any CPU
		Release|Any CPU = Release|Any CPU
	EndGlobalSection
	GlobalSection(ProjectConfigurationPlatforms) = postSolution
		{DEC4363E-694F-49BE-AE43-14C14B130E2B}.Debug|Any CPU.ActiveCfg = Debug|Any CPU
		{DEC4363E-694F-49BE-AE43-14C14B130E2B}.Debug|Any CPU.Build.0 = Debug|Any CPU
		{DEC4363E-694F-49BE-AE43-14C14B130E2B}.Release|Any CPU.ActiveCfg = Release|Any CPU
		{DEC4363E-694F-49BE-AE43-14C14B130E2B}.Release|Any CPU.Build.0 = Release|Any CPU
	EndGlobalSection
	GlobalSection(SolutionProperties) = preSolution
		HideSolutionNode = FALSE
	EndGlobalSection
	GlobalSection(ExtensibilityGlobals) = postSolution
		SolutionGuid = {24D1ED49-0044-4942-A588-44ADAC547BBC}
	EndGlobalSection
EndGlobal
