
Microsoft Visual Studio Solution File, Format Version 12.00
# Visual Studio Version 17
VisualStudioVersion = 17.0.31903.59
MinimumVisualStudioVersion = 10.0.40219.1
Project("{FAE04EC0-301F-11D3-BF4B-00C04F79EFBC}") = "SquareTriangle", "SquareTriangle\SquareTriangle.csproj", "{3124E422-5457-4DE6-A364-B16B6ECC54AF}"
EndProject
Global
	GlobalSection(SolutionConfigurationPlatforms) = preSolution
		Debug|Any CPU = Debug|Any CPU
		Release|Any CPU = Release|Any CPU
	EndGlobalSection
	GlobalSection(ProjectConfigurationPlatforms) = postSolution
		{3124E422-5457-4DE6-A364-B16B6ECC54AF}.Debug|Any CPU.ActiveCfg = Debug|Any CPU
		{3124E422-5457-4DE6-A364-B16B6ECC54AF}.Debug|Any CPU.Build.0 = Debug|Any CPU
		{3124E422-5457-4DE6-A364-B16B6ECC54AF}.Release|Any CPU.ActiveCfg = Release|Any CPU
		{3124E422-5457-4DE6-A364-B16B6ECC54AF}.Release|Any CPU.Build.0 = Release|Any CPU
	EndGlobalSection
	GlobalSection(SolutionProperties) = preSolution
		HideSolutionNode = FALSE
	EndGlobalSection
	GlobalSection(ExtensibilityGlobals) = postSolution
		SolutionGuid = {07C8CC26-F88F-468F-90EA-8FD0CE6F5339}
	EndGlobalSection
EndGlobal
